// !$*UTF8*$!
{
	archiveVersion = 1;
	classes = {
	};
	objectVersion = 50;
	objects = {

/* Begin PBXBuildFile section */
		F9158A14246E80BC0017CEC9 /* AppDelegate.swift in Sources */ = {isa = PBXBuildFile; fileRef = F9158A13246E80BC0017CEC9 /* AppDelegate.swift */; };
		F9158A16246E80BC0017CEC9 /* SceneDelegate.swift in Sources */ = {isa = PBXBuildFile; fileRef = F9158A15246E80BC0017CEC9 /* SceneDelegate.swift */; };
		F9158A18246E80BC0017CEC9 /* ViewController.swift in Sources */ = {isa = PBXBuildFile; fileRef = F9158A17246E80BC0017CEC9 /* ViewController.swift */; };
		F9158A1B246E80BC0017CEC9 /* Main.storyboard in Resources */ = {isa = PBXBuildFile; fileRef = F9158A19246E80BC0017CEC9 /* Main.storyboard */; };
		F9158A1D246E80BE0017CEC9 /* Assets.xcassets in Resources */ = {isa = PBXBuildFile; fileRef = F9158A1C246E80BE0017CEC9 /* Assets.xcassets */; };
		F9158A20246E80BE0017CEC9 /* LaunchScreen.storyboard in Resources */ = {isa = PBXBuildFile; fileRef = F9158A1E246E80BE0017CEC9 /* LaunchScreen.storyboard */; };
		F9158A2B246E80BE0017CEC9 /* BarabaraGameTests.swift in Sources */ = {isa = PBXBuildFile; fileRef = F9158A2A246E80BE0017CEC9 /* BarabaraGameTests.swift */; };
		F9158A36246E80BF0017CEC9 /* BarabaraGameUITests.swift in Sources */ = {isa = PBXBuildFile; fileRef = F9158A35246E80BF0017CEC9 /* BarabaraGameUITests.swift */; };
		F9182F63246E8D1B00A1D46D /* bar.png in Resources */ = {isa = PBXBuildFile; fileRef = F9182F61246E8D1B00A1D46D /* bar.png */; };
		F9182F64246E8D1B00A1D46D /* tail.png in Resources */ = {isa = PBXBuildFile; fileRef = F9182F62246E8D1B00A1D46D /* tail.png */; };
		F9182F66246E91D300A1D46D /* GameViewController.swift in Sources */ = {isa = PBXBuildFile; fileRef = F9182F65246E91D300A1D46D /* GameViewController.swift */; };
		F9182F68246E921300A1D46D /* RankingViewController.swift in Sources */ = {isa = PBXBuildFile; fileRef = F9182F67246E921300A1D46D /* RankingViewController.swift */; };
/* End PBXBuildFile section */

/* Begin PBXContainerItemProxy section */
		F9158A27246E80BE0017CEC9 /* PBXContainerItemProxy */ = {
			isa = PBXContainerItemProxy;
			containerPortal = F9158A08246E80BC0017CEC9 /* Project object */;
			proxyType = 1;
			remoteGlobalIDString = F9158A0F246E80BC0017CEC9;
			remoteInfo = BarabaraGame;
		};
		F9158A32246E80BF0017CEC9 /* PBXContainerItemProxy */ = {
			isa = PBXContainerItemProxy;
			containerPortal = F9158A08246E80BC0017CEC9 /* Project object */;
			proxyType = 1;
			remoteGlobalIDString = F9158A0F246E80BC0017CEC9;
			remoteInfo = BarabaraGame;
		};
/* End PBXContainerItemProxy section */

/* Begin PBXFileReference section */
		F9158A10246E80BC0017CEC9 /* BarabaraGame.app */ = {isa = PBXFileReference; explicitFileType = wrapper.application; includeInIndex = 0; path = BarabaraGame.app; sourceTree = BUILT_PRODUCTS_DIR; };
		F9158A13246E80BC0017CEC9 /* AppDelegate.swift */ = {isa = PBXFileReference; lastKnownFileType = sourcecode.swift; path = AppDelegate.swift; sourceTree = "<group>"; };
		F9158A15246E80BC0017CEC9 /* SceneDelegate.swift */ = {isa = PBXFileReference; lastKnownFileType = sourcecode.swift; path = SceneDelegate.swift; sourceTree = "<group>"; };
		F9158A17246E80BC0017CEC9 /* ViewController.swift */ = {isa = PBXFileReference; lastKnownFileType = sourcecode.swift; path = ViewController.swift; sourceTree = "<group>"; };
		F9158A1A246E80BC0017CEC9 /* Base */ = {isa = PBXFileReference; lastKnownFileType = file.storyboard; name = Base; path = Base.lproj/Main.storyboard; sourceTree = "<group>"; };
		F9158A1C246E80BE0017CEC9 /* Assets.xcassets */ = {isa = PBXFileReference; lastKnownFileType = folder.assetcatalog; path = Assets.xcassets; sourceTree = "<group>"; };
		F9158A1F246E80BE0017CEC9 /* Base */ = {isa = PBXFileReference; lastKnownFileType = file.storyboard; name = Base; path = Base.lproj/LaunchScreen.storyboard; sourceTree = "<group>"; };
		F9158A21246E80BE0017CEC9 /* Info.plist */ = {isa = PBXFileReference; lastKnownFileType = text.plist.xml; path = Info.plist; sourceTree = "<group>"; };
		F9158A26246E80BE0017CEC9 /* BarabaraGameTests.xctest */ = {isa = PBXFileReference; explicitFileType = wrapper.cfbundle; includeInIndex = 0; path = BarabaraGameTests.xctest; sourceTree = BUILT_PRODUCTS_DIR; };
		F9158A2A246E80BE0017CEC9 /* BarabaraGameTests.swift */ = {isa = PBXFileReference; lastKnownFileType = sourcecode.swift; path = BarabaraGameTests.swift; sourceTree = "<group>"; };
		F9158A2C246E80BE0017CEC9 /* Info.plist */ = {isa = PBXFileReference; lastKnownFileType = text.plist.xml; path = Info.plist; sourceTree = "<group>"; };
		F9158A31246E80BF0017CEC9 /* BarabaraGameUITests.xctest */ = {isa = PBXFileReference; explicitFileType = wrapper.cfbundle; includeInIndex = 0; path = BarabaraGameUITests.xctest; sourceTree = BUILT_PRODUCTS_DIR; };
		F9158A35246E80BF0017CEC9 /* BarabaraGameUITests.swift */ = {isa = PBXFileReference; lastKnownFileType = sourcecode.swift; path = BarabaraGameUITests.swift; sourceTree = "<group>"; };
		F9158A37246E80BF0017CEC9 /* Info.plist */ = {isa = PBXFileReference; lastKnownFileType = text.plist.xml; path = Info.plist; sourceTree = "<group>"; };
		F9182F61246E8D1B00A1D46D /* bar.png */ = {isa = PBXFileReference; lastKnownFileType = image.png; path = bar.png; sourceTree = "<group>"; };
		F9182F62246E8D1B00A1D46D /* tail.png */ = {isa = PBXFileReference; lastKnownFileType = image.png; path = tail.png; sourceTree = "<group>"; };
		F9182F65246E91D300A1D46D /* GameViewController.swift */ = {isa = PBXFileReference; lastKnownFileType = sourcecode.swift; path = GameViewController.swift; sourceTree = "<group>"; };
		F9182F67246E921300A1D46D /* RankingViewController.swift */ = {isa = PBXFileReference; lastKnownFileType = sourcecode.swift; path = RankingViewController.swift; sourceTree = "<group>"; };
/* End PBXFileReference section */

/* Begin PBXFrameworksBuildPhase section */
		F9158A0D246E80BC0017CEC9 /* Frameworks */ = {
			isa = PBXFrameworksBuildPhase;
			buildActionMask = 2147483647;
			files = (
			);
			runOnlyForDeploymentPostprocessing = 0;
		};
		F9158A23246E80BE0017CEC9 /* Frameworks */ = {
			isa = PBXFrameworksBuildPhase;
			buildActionMask = 2147483647;
			files = (
			);
			runOnlyForDeploymentPostprocessing = 0;
		};
		F9158A2E246E80BF0017CEC9 /* Frameworks */ = {
			isa = PBXFrameworksBuildPhase;
			buildActionMask = 2147483647;
			files = (
			);
			runOnlyForDeploymentPostprocessing = 0;
		};
/* End PBXFrameworksBuildPhase section */

/* Begin PBXGroup section */
		F9158A07246E80BC0017CEC9 = {
			isa = PBXGroup;
			children = (
				F9158A12246E80BC0017CEC9 /* BarabaraGame */,
				F9158A29246E80BE0017CEC9 /* BarabaraGameTests */,
				F9158A34246E80BF0017CEC9 /* BarabaraGameUITests */,
				F9158A11246E80BC0017CEC9 /* Products */,
			);
			sourceTree = "<group>";
		};
		F9158A11246E80BC0017CEC9 /* Products */ = {
			isa = PBXGroup;
			children = (
				F9158A10246E80BC0017CEC9 /* BarabaraGame.app */,
				F9158A26246E80BE0017CEC9 /* BarabaraGameTests.xctest */,
				F9158A31246E80BF0017CEC9 /* BarabaraGameUITests.xctest */,
			);
			name = Products;
			sourceTree = "<group>";
		};
		F9158A12246E80BC0017CEC9 /* BarabaraGame */ = {
			isa = PBXGroup;
			children = (
				F9182F61246E8D1B00A1D46D /* bar.png */,
				F9182F62246E8D1B00A1D46D /* tail.png */,
				F9182F65246E91D300A1D46D /* GameViewController.swift */,
				F9182F67246E921300A1D46D /* RankingViewController.swift */,
				F9158A13246E80BC0017CEC9 /* AppDelegate.swift */,
				F9158A15246E80BC0017CEC9 /* SceneDelegate.swift */,
				F9158A17246E80BC0017CEC9 /* ViewController.swift */,
				F9158A19246E80BC0017CEC9 /* Main.storyboard */,
				F9158A1C246E80BE0017CEC9 /* Assets.xcassets */,
				F9158A1E246E80BE0017CEC9 /* LaunchScreen.storyboard */,
				F9158A21246E80BE0017CEC9 /* Info.plist */,
			);
			path = BarabaraGame;
			sourceTree = "<group>";
		};
		F9158A29246E80BE0017CEC9 /* BarabaraGameTests */ = {
			isa = PBXGroup;
			children = (
				F9158A2A246E80BE0017CEC9 /* BarabaraGameTests.swift */,
				F9158A2C246E80BE0017CEC9 /* Info.plist */,
			);
			path = BarabaraGameTests;
			sourceTree = "<group>";
		};
		F9158A34246E80BF0017CEC9 /* BarabaraGameUITests */ = {
			isa = PBXGroup;
			children = (
				F9158A35246E80BF0017CEC9 /* BarabaraGameUITests.swift */,
				F9158A37246E80BF0017CEC9 /* Info.plist */,
			);
			path = BarabaraGameUITests;
			sourceTree = "<group>";
		};
/* End PBXGroup section */

/* Begin PBXNativeTarget section */
		F9158A0F246E80BC0017CEC9 /* BarabaraGame */ = {
			isa = PBXNativeTarget;
			buildConfigurationList = F9158A3A246E80BF0017CEC9 /* Build configuration list for PBXNativeTarget "BarabaraGame" */;
			buildPhases = (
				F9158A0C246E80BC0017CEC9 /* Sources */,
				F9158A0D246E80BC0017CEC9 /* Frameworks */,
				F9158A0E246E80BC0017CEC9 /* Resources */,
			);
			buildRules = (
			);
			dependencies = (
			);
			name = BarabaraGame;
			productName = BarabaraGame;
			productReference = F9158A10246E80BC0017CEC9 /* BarabaraGame.app */;
			productType = "com.apple.product-type.application";
		};
		F9158A25246E80BE0017CEC9 /* BarabaraGameTests */ = {
			isa = PBXNativeTarget;
			buildConfigurationList = F9158A3D246E80BF0017CEC9 /* Build configuration list for PBXNativeTarget "BarabaraGameTests" */;
			buildPhases = (
				F9158A22246E80BE0017CEC9 /* Sources */,
				F9158A23246E80BE0017CEC9 /* Frameworks */,
				F9158A24246E80BE0017CEC9 /* Resources */,
			);
			buildRules = (
			);
			dependencies = (
				F9158A28246E80BE0017CEC9 /* PBXTargetDependency */,
			);
			name = BarabaraGameTests;
			productName = BarabaraGameTests;
			productReference = F9158A26246E80BE0017CEC9 /* BarabaraGameTests.xctest */;
			productType = "com.apple.product-type.bundle.unit-test";
		};
		F9158A30246E80BF0017CEC9 /* BarabaraGameUITests */ = {
			isa = PBXNativeTarget;
			buildConfigurationList = F9158A40246E80BF0017CEC9 /* Build configuration list for PBXNativeTarget "BarabaraGameUITests" */;
			buildPhases = (
				F9158A2D246E80BF0017CEC9 /* Sources */,
				F9158A2E246E80BF0017CEC9 /* Frameworks */,
				F9158A2F246E80BF0017CEC9 /* Resources */,
			);
			buildRules = (
			);
			dependencies = (
				F9158A33246E80BF0017CEC9 /* PBXTargetDependency */,
			);
			name = BarabaraGameUITests;
			productName = BarabaraGameUITests;
			productReference = F9158A31246E80BF0017CEC9 /* BarabaraGameUITests.xctest */;
			productType = "com.apple.product-type.bundle.ui-testing";
		};
/* End PBXNativeTarget section */

/* Begin PBXProject section */
		F9158A08246E80BC0017CEC9 /* Project object */ = {
			isa = PBXProject;
			attributes = {
				LastSwiftUpdateCheck = 1140;
				LastUpgradeCheck = 1140;
				ORGANIZATIONNAME = "Uematsu Well";
				TargetAttributes = {
					F9158A0F246E80BC0017CEC9 = {
						CreatedOnToolsVersion = 11.4.1;
					};
					F9158A25246E80BE0017CEC9 = {
						CreatedOnToolsVersion = 11.4.1;
						TestTargetID = F9158A0F246E80BC0017CEC9;
					};
					F9158A30246E80BF0017CEC9 = {
						CreatedOnToolsVersion = 11.4.1;
						TestTargetID = F9158A0F246E80BC0017CEC9;
					};
				};
			};
			buildConfigurationList = F9158A0B246E80BC0017CEC9 /* Build configuration list for PBXProject "BarabaraGame" */;
			compatibilityVersion = "Xcode 9.3";
			developmentRegion = en;
			hasScannedForEncodings = 0;
			knownRegions = (
				en,
				Base,
			);
			mainGroup = F9158A07246E80BC0017CEC9;
			productRefGroup = F9158A11246E80BC0017CEC9 /* Products */;
			projectDirPath = "";
			projectRoot = "";
			targets = (
				F9158A0F246E80BC0017CEC9 /* BarabaraGame */,
				F9158A25246E80BE0017CEC9 /* BarabaraGameTests */,
				F9158A30246E80BF0017CEC9 /* BarabaraGameUITests */,
			);
		};
/* End PBXProject section */

/* Begin PBXResourcesBuildPhase section */
		F9158A0E246E80BC0017CEC9 /* Resources */ = {
			isa = PBXResourcesBuildPhase;
			buildActionMask = 2147483647;
			files = (
				F9158A20246E80BE0017CEC9 /* LaunchScreen.storyboard in Resources */,
				F9182F64246E8D1B00A1D46D /* tail.png in Resources */,
				F9158A1D246E80BE0017CEC9 /* Assets.xcassets in Resources */,
				F9158A1B246E80BC0017CEC9 /* Main.storyboard in Resources */,
				F9182F63246E8D1B00A1D46D /* bar.png in Resources */,
			);
			runOnlyForDeploymentPostprocessing = 0;
		};
		F9158A24246E80BE0017CEC9 /* Resources */ = {
			isa = PBXResourcesBuildPhase;
			buildActionMask = 2147483647;
			files = (
			);
			runOnlyForDeploymentPostprocessing = 0;
		};
		F9158A2F246E80BF0017CEC9 /* Resources */ = {
			isa = PBXResourcesBuildPhase;
			buildActionMask = 2147483647;
			files = (
			);
			runOnlyForDeploymentPostprocessing = 0;
		};
/* End PBXResourcesBuildPhase section */

/* Begin PBXSourcesBuildPhase section */
		F9158A0C246E80BC0017CEC9 /* Sources */ = {
			isa = PBXSourcesBuildPhase;
			buildActionMask = 2147483647;
			files = (
				F9182F68246E921300A1D46D /* RankingViewController.swift in Sources */,
				F9158A18246E80BC0017CEC9 /* ViewController.swift in Sources */,
				F9158A14246E80BC0017CEC9 /* AppDelegate.swift in Sources */,
				F9158A16246E80BC0017CEC9 /* SceneDelegate.swift in Sources */,
				F9182F66246E91D300A1D46D /* GameViewController.swift in Sources */,
			);
			runOnlyForDeploymentPostprocessing = 0;
		};
		F9158A22246E80BE0017CEC9 /* Sources */ = {
			isa = PBXSourcesBuildPhase;
			buildActionMask = 2147483647;
			files = (
				F9158A2B246E80BE0017CEC9 /* BarabaraGameTests.swift in Sources */,
			);
			runOnlyForDeploymentPostprocessing = 0;
		};
		F9158A2D246E80BF0017CEC9 /* Sources */ = {
			isa = PBXSourcesBuildPhase;
			buildActionMask = 2147483647;
			files = (
				F9158A36246E80BF0017CEC9 /* BarabaraGameUITests.swift in Sources */,
			);
			runOnlyForDeploymentPostprocessing = 0;
		};
/* End PBXSourcesBuildPhase section */

/* Begin PBXTargetDependency section */
		F9158A28246E80BE0017CEC9 /* PBXTargetDependency */ = {
			isa = PBXTargetDependency;
			target = F9158A0F246E80BC0017CEC9 /* BarabaraGame */;
			targetProxy = F9158A27246E80BE0017CEC9 /* PBXContainerItemProxy */;
		};
		F9158A33246E80BF0017CEC9 /* PBXTargetDependency */ = {
			isa = PBXTargetDependency;
			target = F9158A0F246E80BC0017CEC9 /* BarabaraGame */;
			targetProxy = F9158A32246E80BF0017CEC9 /* PBXContainerItemProxy */;
		};
/* End PBXTargetDependency section */

/* Begin PBXVariantGroup section */
		F9158A19246E80BC0017CEC9 /* Main.storyboard */ = {
			isa = PBXVariantGroup;
			children = (
				F9158A1A246E80BC0017CEC9 /* Base */,
			);
			name = Main.storyboard;
			sourceTree = "<group>";
		};
		F9158A1E246E80BE0017CEC9 /* LaunchScreen.storyboard */ = {
			isa = PBXVariantGroup;
			children = (
				F9158A1F246E80BE0017CEC9 /* Base */,
			);
			name = LaunchScreen.storyboard;
			sourceTree = "<group>";
		};
/* End PBXVariantGroup section */

/* Begin XCBuildConfiguration section */
		F9158A38246E80BF0017CEC9 /* Debug */ = {
			isa = XCBuildConfiguration;
			buildSettings = {
				ALWAYS_SEARCH_USER_PATHS = NO;
				CLANG_ANALYZER_NONNULL = YES;
				CLANG_ANALYZER_NUMBER_OBJECT_CONVERSION = YES_AGGRESSIVE;
				CLANG_CXX_LANGUAGE_STANDARD = "gnu++14";
				CLANG_CXX_LIBRARY = "libc++";
				CLANG_ENABLE_MODULES = YES;
				CLANG_ENABLE_OBJC_ARC = YES;
				CLANG_ENABLE_OBJC_WEAK = YES;
				CLANG_WARN_BLOCK_CAPTURE_AUTORELEASING = YES;
				CLANG_WARN_BOOL_CONVERSION = YES;
				CLANG_WARN_COMMA = YES;
				CLANG_WARN_CONSTANT_CONVERSION = YES;
				CLANG_WARN_DEPRECATED_OBJC_IMPLEMENTATIONS = YES;
				CLANG_WARN_DIRECT_OBJC_ISA_USAGE = YES_ERROR;
				CLANG_WARN_DOCUMENTATION_COMMENTS = YES;
				CLANG_WARN_EMPTY_BODY = YES;
				CLANG_WARN_ENUM_CONVERSION = YES;
				CLANG_WARN_INFINITE_RECURSION = YES;
				CLANG_WARN_INT_CONVERSION = YES;
				CLANG_WARN_NON_LITERAL_NULL_CONVERSION = YES;
				CLANG_WARN_OBJC_IMPLICIT_RETAIN_SELF = YES;
				CLANG_WARN_OBJC_LITERAL_CONVERSION = YES;
				CLANG_WARN_OBJC_ROOT_CLASS = YES_ERROR;
				CLANG_WARN_RANGE_LOOP_ANALYSIS = YES;
				CLANG_WARN_STRICT_PROTOTYPES = YES;
				CLANG_WARN_SUSPICIOUS_MOVE = YES;
				CLANG_WARN_UNGUARDED_AVAILABILITY = YES_AGGRESSIVE;
				CLANG_WARN_UNREACHABLE_CODE = YES;
				CLANG_WARN__DUPLICATE_METHOD_MATCH = YES;
				COPY_PHASE_STRIP = NO;
				DEBUG_INFORMATION_FORMAT = dwarf;
				ENABLE_STRICT_OBJC_MSGSEND = YES;
				ENABLE_TESTABILITY = YES;
				GCC_C_LANGUAGE_STANDARD = gnu11;
				GCC_DYNAMIC_NO_PIC = NO;
				GCC_NO_COMMON_BLOCKS = YES;
				GCC_OPTIMIZATION_LEVEL = 0;
				GCC_PREPROCESSOR_DEFINITIONS = (
					"DEBUG=1",
					"$(inherited)",
				);
				GCC_WARN_64_TO_32_BIT_CONVERSION = YES;
				GCC_WARN_ABOUT_RETURN_TYPE = YES_ERROR;
				GCC_WARN_UNDECLARED_SELECTOR = YES;
				GCC_WARN_UNINITIALIZED_AUTOS = YES_AGGRESSIVE;
				GCC_WARN_UNUSED_FUNCTION = YES;
				GCC_WARN_UNUSED_VARIABLE = YES;
				IPHONEOS_DEPLOYMENT_TARGET = 13.4;
				MTL_ENABLE_DEBUG_INFO = INCLUDE_SOURCE;
				MTL_FAST_MATH = YES;
				ONLY_ACTIVE_ARCH = YES;
				SDKROOT = iphoneos;
				SWIFT_ACTIVE_COMPILATION_CONDITIONS = DEBUG;
				SWIFT_OPTIMIZATION_LEVEL = "-Onone";
			};
			name = Debug;
		};
		F9158A39246E80BF0017CEC9 /* Release */ = {
			isa = XCBuildConfiguration;
			buildSettings = {
				ALWAYS_SEARCH_USER_PATHS = NO;
				CLANG_ANALYZER_NONNULL = YES;
				CLANG_ANALYZER_NUMBER_OBJECT_CONVERSION = YES_AGGRESSIVE;
				CLANG_CXX_LANGUAGE_STANDARD = "gnu++14";
				CLANG_CXX_LIBRARY = "libc++";
				CLANG_ENABLE_MODULES = YES;
				CLANG_ENABLE_OBJC_ARC = YES;
				CLANG_ENABLE_OBJC_WEAK = YES;
				CLANG_WARN_BLOCK_CAPTURE_AUTORELEASING = YES;
				CLANG_WARN_BOOL_CONVERSION = YES;
				CLANG_WARN_COMMA = YES;
				CLANG_WARN_CONSTANT_CONVERSION = YES;
				CLANG_WARN_DEPRECATED_OBJC_IMPLEMENTATIONS = YES;
				CLANG_WARN_DIRECT_OBJC_ISA_USAGE = YES_ERROR;
				CLANG_WARN_DOCUMENTATION_COMMENTS = YES;
				CLANG_WARN_EMPTY_BODY = YES;
				CLANG_WARN_ENUM_CONVERSION = YES;
				CLANG_WARN_INFINITE_RECURSION = YES;
				CLANG_WARN_INT_CONVERSION = YES;
				CLANG_WARN_NON_LITERAL_NULL_CONVERSION = YES;
				CLANG_WARN_OBJC_IMPLICIT_RETAIN_SELF = YES;
				CLANG_WARN_OBJC_LITERAL_CONVERSION = YES;
				CLANG_WARN_OBJC_ROOT_CLASS = YES_ERROR;
				CLANG_WARN_RANGE_LOOP_ANALYSIS = YES;
				CLANG_WARN_STRICT_PROTOTYPES = YES;
				CLANG_WARN_SUSPICIOUS_MOVE = YES;
				CLANG_WARN_UNGUARDED_AVAILABILITY = YES_AGGRESSIVE;
				CLANG_WARN_UNREACHABLE_CODE = YES;
				CLANG_WARN__DUPLICATE_METHOD_MATCH = YES;
				COPY_PHASE_STRIP = NO;
				DEBUG_INFORMATION_FORMAT = "dwarf-with-dsym";
				ENABLE_NS_ASSERTIONS = NO;
				ENABLE_STRICT_OBJC_MSGSEND = YES;
				GCC_C_LANGUAGE_STANDARD = gnu11;
				GCC_NO_COMMON_BLOCKS = YES;
				GCC_WARN_64_TO_32_BIT_CONVERSION = YES;
				GCC_WARN_ABOUT_RETURN_TYPE = YES_ERROR;
				GCC_WARN_UNDECLARED_SELECTOR = YES;
				GCC_WARN_UNINITIALIZED_AUTOS = YES_AGGRESSIVE;
				GCC_WARN_UNUSED_FUNCTION = YES;
				GCC_WARN_UNUSED_VARIABLE = YES;
				IPHONEOS_DEPLOYMENT_TARGET = 13.4;
				MTL_ENABLE_DEBUG_INFO = NO;
				MTL_FAST_MATH = YES;
				SDKROOT = iphoneos;
				SWIFT_COMPILATION_MODE = wholemodule;
				SWIFT_OPTIMIZATION_LEVEL = "-O";
				VALIDATE_PRODUCT = YES;
			};
			name = Release;
		};
		F9158A3B246E80BF0017CEC9 /* Debug */ = {
			isa = XCBuildConfiguration;
			buildSettings = {
				ASSETCATALOG_COMPILER_APPICON_NAME = AppIcon;
				CODE_SIGN_STYLE = Automatic;
				DEVELOPMENT_TEAM = 562DQXBLHC;
				INFOPLIST_FILE = BarabaraGame/Info.plist;
				LD_RUNPATH_SEARCH_PATHS = (
					"$(inherited)",
					"@executable_path/Frameworks",
				);
				PRODUCT_BUNDLE_IDENTIFIER = app.well.uematsu.BarabaraGame;
				PRODUCT_NAME = "$(TARGET_NAME)";
				SWIFT_VERSION = 5.0;
				TARGETED_DEVICE_FAMILY = "1,2";
			};
			name = Debug;
		};
		F9158A3C246E80BF0017CEC9 /* Release */ = {
			isa = XCBuildConfiguration;
			buildSettings = {
				ASSETCATALOG_COMPILER_APPICON_NAME = AppIcon;
				CODE_SIGN_STYLE = Automatic;
				DEVELOPMENT_TEAM = 562DQXBLHC;
				INFOPLIST_FILE = BarabaraGame/Info.plist;
				LD_RUNPATH_SEARCH_PATHS = (
					"$(inherited)",
					"@executable_path/Frameworks",
				);
				PRODUCT_BUNDLE_IDENTIFIER = app.well.uematsu.BarabaraGame;
				PRODUCT_NAME = "$(TARGET_NAME)";
				SWIFT_VERSION = 5.0;
				TARGETED_DEVICE_FAMILY = "1,2";
			};
			name = Release;
		};
		F9158A3E246E80BF0017CEC9 /* Debug */ = {
			isa = XCBuildConfiguration;
			buildSettings = {
				ALWAYS_EMBED_SWIFT_STANDARD_LIBRARIES = YES;
				BUNDLE_LOADER = "$(TEST_HOST)";
				CODE_SIGN_STYLE = Automatic;
				DEVELOPMENT_TEAM = 562DQXBLHC;
				INFOPLIST_FILE = BarabaraGameTests/Info.plist;
				IPHONEOS_DEPLOYMENT_TARGET = 13.4;
				LD_RUNPATH_SEARCH_PATHS = (
					"$(inherited)",
					"@executable_path/Frameworks",
					"@loader_path/Frameworks",
				);
				PRODUCT_BUNDLE_IDENTIFIER = app.well.uematsu.BarabaraGameTests;
				PRODUCT_NAME = "$(TARGET_NAME)";
				SWIFT_VERSION = 5.0;
				TARGETED_DEVICE_FAMILY = "1,2";
				TEST_HOST = "$(BUILT_PRODUCTS_DIR)/BarabaraGame.app/BarabaraGame";
			};
			name = Debug;
		};
		F9158A3F246E80BF0017CEC9 /* Release */ = {
			isa = XCBuildConfiguration;
			buildSettings = {
				ALWAYS_EMBED_SWIFT_STANDARD_LIBRARIES = YES;
				BUNDLE_LOADER = "$(TEST_HOST)";
				CODE_SIGN_STYLE = Automatic;
				DEVELOPMENT_TEAM = 562DQXBLHC;
				INFOPLIST_FILE = BarabaraGameTests/Info.plist;
				IPHONEOS_DEPLOYMENT_TARGET = 13.4;
				LD_RUNPATH_SEARCH_PATHS = (
					"$(inherited)",
					"@executable_path/Frameworks",
					"@loader_path/Frameworks",
				);
				PRODUCT_BUNDLE_IDENTIFIER = app.well.uematsu.BarabaraGameTests;
				PRODUCT_NAME = "$(TARGET_NAME)";
				SWIFT_VERSION = 5.0;
				TARGETED_DEVICE_FAMILY = "1,2";
				TEST_HOST = "$(BUILT_PRODUCTS_DIR)/BarabaraGame.app/BarabaraGame";
			};
			name = Release;
		};
		F9158A41246E80BF0017CEC9 /* Debug */ = {
			isa = XCBuildConfiguration;
			buildSettings = {
				ALWAYS_EMBED_SWIFT_STANDARD_LIBRARIES = YES;
				CODE_SIGN_STYLE = Automatic;
				DEVELOPMENT_TEAM = 562DQXBLHC;
				INFOPLIST_FILE = BarabaraGameUITests/Info.plist;
				LD_RUNPATH_SEARCH_PATHS = (
					"$(inherited)",
					"@executable_path/Frameworks",
					"@loader_path/Frameworks",
				);
				PRODUCT_BUNDLE_IDENTIFIER = app.well.uematsu.BarabaraGameUITests;
				PRODUCT_NAME = "$(TARGET_NAME)";
				SWIFT_VERSION = 5.0;
				TARGETED_DEVICE_FAMILY = "1,2";
				TEST_TARGET_NAME = BarabaraGame;
			};
			name = Debug;
		};
		F9158A42246E80BF0017CEC9 /* Release */ = {
			isa = XCBuildConfiguration;
			buildSettings = {
				ALWAYS_EMBED_SWIFT_STANDARD_LIBRARIES = YES;
				CODE_SIGN_STYLE = Automatic;
				DEVELOPMENT_TEAM = 562DQXBLHC;
				INFOPLIST_FILE = BarabaraGameUITests/Info.plist;
				LD_RUNPATH_SEARCH_PATHS = (
					"$(inherited)",
					"@executable_path/Frameworks",
					"@loader_path/Frameworks",
				);
				PRODUCT_BUNDLE_IDENTIFIER = app.well.uematsu.BarabaraGameUITests;
				PRODUCT_NAME = "$(TARGET_NAME)";
				SWIFT_VERSION = 5.0;
				TARGETED_DEVICE_FAMILY = "1,2";
				TEST_TARGET_NAME = BarabaraGame;
			};
			name = Release;
		};
/* End XCBuildConfiguration section */

/* Begin XCConfigurationList section */
		F9158A0B246E80BC0017CEC9 /* Build configuration list for PBXProject "BarabaraGame" */ = {
			isa = XCConfigurationList;
			buildConfigurations = (
				F9158A38246E80BF0017CEC9 /* Debug */,
				F9158A39246E80BF0017CEC9 /* Release */,
			);
			defaultConfigurationIsVisible = 0;
			defaultConfigurationName = Release;
		};
		F9158A3A246E80BF0017CEC9 /* Build configuration list for PBXNativeTarget "BarabaraGame" */ = {
			isa = XCConfigurationList;
			buildConfigurations = (
				F9158A3B246E80BF0017CEC9 /* Debug */,
				F9158A3C246E80BF0017CEC9 /* Release */,
			);
			defaultConfigurationIsVisible = 0;
			defaultConfigurationName = Release;
		};
		F9158A3D246E80BF0017CEC9 /* Build configuration list for PBXNativeTarget "BarabaraGameTests" */ = {
			isa = XCConfigurationList;
			buildConfigurations = (
				F9158A3E246E80BF0017CEC9 /* Debug */,
				F9158A3F246E80BF0017CEC9 /* Release */,
			);
			defaultConfigurationIsVisible = 0;
			defaultConfigurationName = Release;
		};
		F9158A40246E80BF0017CEC9 /* Build configuration list for PBXNativeTarget "BarabaraGameUITests" */ = {
			isa = XCConfigurationList;
			buildConfigurations = (
				F9158A41246E80BF0017CEC9 /* Debug */,
				F9158A42246E80BF0017CEC9 /* Release */,
			);
			defaultConfigurationIsVisible = 0;
			defaultConfigurationName = Release;
		};
/* End XCConfigurationList section */
	};
	rootObject = F9158A08246E80BC0017CEC9 /* Project object */;
}
